// !$*UTF8*$!
{
	archiveVersion = 1;
	classes = {
	};
	objectVersion = 50;
	objects = {

/* Begin PBXBuildFile section */
		677E36272512EFF50058287E /* AppDelegate.swift in Sources */ = {isa = PBXBuildFile; fileRef = 677E36262512EFF50058287E /* AppDelegate.swift */; };
		677E36292512EFF50058287E /* SceneDelegate.swift in Sources */ = {isa = PBXBuildFile; fileRef = 677E36282512EFF50058287E /* SceneDelegate.swift */; };
		677E362E2512EFF50058287E /* Main.storyboard in Resources */ = {isa = PBXBuildFile; fileRef = 677E362C2512EFF50058287E /* Main.storyboard */; };
		677E36312512EFF50058287E /* KxMemo.xcdatamodeld in Sources */ = {isa = PBXBuildFile; fileRef = 677E362F2512EFF50058287E /* KxMemo.xcdatamodeld */; };
		677E36332512EFF60058287E /* Assets.xcassets in Resources */ = {isa = PBXBuildFile; fileRef = 677E36322512EFF60058287E /* Assets.xcassets */; };
		677E36362512EFF60058287E /* LaunchScreen.storyboard in Resources */ = {isa = PBXBuildFile; fileRef = 677E36342512EFF60058287E /* LaunchScreen.storyboard */; };
		677E363F2512F5F60058287E /* Model.swift in Sources */ = {isa = PBXBuildFile; fileRef = 677E363E2512F5F60058287E /* Model.swift */; };
		677E36412512F7CB0058287E /* MemoListTableViewController.swift in Sources */ = {isa = PBXBuildFile; fileRef = 677E36402512F7CB0058287E /* MemoListTableViewController.swift */; };
/* End PBXBuildFile section */

/* Begin PBXFileReference section */
		677E36232512EFF50058287E /* KxMemo.app */ = {isa = PBXFileReference; explicitFileType = wrapper.application; includeInIndex = 0; path = KxMemo.app; sourceTree = BUILT_PRODUCTS_DIR; };
		677E36262512EFF50058287E /* AppDelegate.swift */ = {isa = PBXFileReference; lastKnownFileType = sourcecode.swift; path = AppDelegate.swift; sourceTree = "<group>"; };
		677E36282512EFF50058287E /* SceneDelegate.swift */ = {isa = PBXFileReference; lastKnownFileType = sourcecode.swift; path = SceneDelegate.swift; sourceTree = "<group>"; };
		677E362D2512EFF50058287E /* Base */ = {isa = PBXFileReference; lastKnownFileType = file.storyboard; name = Base; path = Base.lproj/Main.storyboard; sourceTree = "<group>"; };
		677E36302512EFF50058287E /* KxMemo.xcdatamodel */ = {isa = PBXFileReference; lastKnownFileType = wrapper.xcdatamodel; path = KxMemo.xcdatamodel; sourceTree = "<group>"; };
		677E36322512EFF60058287E /* Assets.xcassets */ = {isa = PBXFileReference; lastKnownFileType = folder.assetcatalog; path = Assets.xcassets; sourceTree = "<group>"; };
		677E36352512EFF60058287E /* Base */ = {isa = PBXFileReference; lastKnownFileType = file.storyboard; name = Base; path = Base.lproj/LaunchScreen.storyboard; sourceTree = "<group>"; };
		677E36372512EFF60058287E /* Info.plist */ = {isa = PBXFileReference; lastKnownFileType = text.plist.xml; path = Info.plist; sourceTree = "<group>"; };
		677E363E2512F5F60058287E /* Model.swift */ = {isa = PBXFileReference; lastKnownFileType = sourcecode.swift; path = Model.swift; sourceTree = "<group>"; };
		677E36402512F7CB0058287E /* MemoListTableViewController.swift */ = {isa = PBXFileReference; lastKnownFileType = sourcecode.swift; path = MemoListTableViewController.swift; sourceTree = "<group>"; };
/* End PBXFileReference section */

/* Begin PBXFrameworksBuildPhase section */
		677E36202512EFF50058287E /* Frameworks */ = {
			isa = PBXFrameworksBuildPhase;
			buildActionMask = 2147483647;
			files = (
			);
			runOnlyForDeploymentPostprocessing = 0;
		};
/* End PBXFrameworksBuildPhase section */

/* Begin PBXGroup section */
		677E361A2512EFF50058287E = {
			isa = PBXGroup;
			children = (
				677E36252512EFF50058287E /* KxMemo */,
				677E36242512EFF50058287E /* Products */,
			);
			sourceTree = "<group>";
		};
		677E36242512EFF50058287E /* Products */ = {
			isa = PBXGroup;
			children = (
				677E36232512EFF50058287E /* KxMemo.app */,
			);
			name = Products;
			sourceTree = "<group>";
		};
		677E36252512EFF50058287E /* KxMemo */ = {
			isa = PBXGroup;
			children = (
				677E363D2512F5E60058287E /* Model */,
				677E36262512EFF50058287E /* AppDelegate.swift */,
				677E36282512EFF50058287E /* SceneDelegate.swift */,
				677E362C2512EFF50058287E /* Main.storyboard */,
				677E36322512EFF60058287E /* Assets.xcassets */,
				677E36342512EFF60058287E /* LaunchScreen.storyboard */,
				677E36372512EFF60058287E /* Info.plist */,
				677E362F2512EFF50058287E /* KxMemo.xcdatamodeld */,
				677E36402512F7CB0058287E /* MemoListTableViewController.swift */,
			);
			path = KxMemo;
			sourceTree = "<group>";
		};
		677E363D2512F5E60058287E /* Model */ = {
			isa = PBXGroup;
			children = (
				677E363E2512F5F60058287E /* Model.swift */,
			);
			path = Model;
			sourceTree = "<group>";
		};
/* End PBXGroup section */

/* Begin PBXNativeTarget section */
		677E36222512EFF50058287E /* KxMemo */ = {
			isa = PBXNativeTarget;
			buildConfigurationList = 677E363A2512EFF60058287E /* Build configuration list for PBXNativeTarget "KxMemo" */;
			buildPhases = (
				677E361F2512EFF50058287E /* Sources */,
				677E36202512EFF50058287E /* Frameworks */,
				677E36212512EFF50058287E /* Resources */,
			);
			buildRules = (
			);
			dependencies = (
			);
			name = KxMemo;
			productName = KxMemo;
			productReference = 677E36232512EFF50058287E /* KxMemo.app */;
			productType = "com.apple.product-type.application";
		};
/* End PBXNativeTarget section */

/* Begin PBXProject section */
		677E361B2512EFF50058287E /* Project object */ = {
			isa = PBXProject;
			attributes = {
				LastSwiftUpdateCheck = 1160;
				LastUpgradeCheck = 1160;
				ORGANIZATIONNAME = "Yurim Jeong";
				TargetAttributes = {
					677E36222512EFF50058287E = {
						CreatedOnToolsVersion = 11.6;
					};
				};
			};
			buildConfigurationList = 677E361E2512EFF50058287E /* Build configuration list for PBXProject "KxMemo" */;
			compatibilityVersion = "Xcode 9.3";
			developmentRegion = en;
			hasScannedForEncodings = 0;
			knownRegions = (
				en,
				Base,
			);
			mainGroup = 677E361A2512EFF50058287E;
			productRefGroup = 677E36242512EFF50058287E /* Products */;
			projectDirPath = "";
			projectRoot = "";
			targets = (
				677E36222512EFF50058287E /* KxMemo */,
			);
		};
/* End PBXProject section */

/* Begin PBXResourcesBuildPhase section */
		677E36212512EFF50058287E /* Resources */ = {
			isa = PBXResourcesBuildPhase;
			buildActionMask = 2147483647;
			files = (
				677E36362512EFF60058287E /* LaunchScreen.storyboard in Resources */,
				677E36332512EFF60058287E /* Assets.xcassets in Resources */,
				677E362E2512EFF50058287E /* Main.storyboard in Resources */,
			);
			runOnlyForDeploymentPostprocessing = 0;
		};
/* End PBXResourcesBuildPhase section */

/* Begin PBXSourcesBuildPhase section */
		677E361F2512EFF50058287E /* Sources */ = {
			isa = PBXSourcesBuildPhase;
			buildActionMask = 2147483647;
			files = (
				677E36312512EFF50058287E /* KxMemo.xcdatamodeld in Sources */,
				677E36272512EFF50058287E /* AppDelegate.swift in Sources */,
				677E36412512F7CB0058287E /* MemoListTableViewController.swift in Sources */,
				677E36292512EFF50058287E /* SceneDelegate.swift in Sources */,
				677E363F2512F5F60058287E /* Model.swift in Sources */,
			);
			runOnlyForDeploymentPostprocessing = 0;
		};
/* End PBXSourcesBuildPhase section */

/* Begin PBXVariantGroup section */
		677E362C2512EFF50058287E /* Main.storyboard */ = {
			isa = PBXVariantGroup;
			children = (
				677E362D2512EFF50058287E /* Base */,
			);
			name = Main.storyboard;
			sourceTree = "<group>";
		};
		677E36342512EFF60058287E /* LaunchScreen.storyboard */ = {
			isa = PBXVariantGroup;
			children = (
				677E36352512EFF60058287E /* Base */,
			);
			name = LaunchScreen.storyboard;
			sourceTree = "<group>";
		};
/* End PBXVariantGroup section */

/* Begin XCBuildConfiguration section */
		677E36382512EFF60058287E /* Debug */ = {
			isa = XCBuildConfiguration;
			buildSettings = {
				ALWAYS_SEARCH_USER_PATHS = NO;
				CLANG_ANALYZER_NONNULL = YES;
				CLANG_ANALYZER_NUMBER_OBJECT_CONVERSION = YES_AGGRESSIVE;
				CLANG_CXX_LANGUAGE_STANDARD = "gnu++14";
				CLANG_CXX_LIBRARY = "libc++";
				CLANG_ENABLE_MODULES = YES;
				CLANG_ENABLE_OBJC_ARC = YES;
				CLANG_ENABLE_OBJC_WEAK = YES;
				CLANG_WARN_BLOCK_CAPTURE_AUTORELEASING = YES;
				CLANG_WARN_BOOL_CONVERSION = YES;
				CLANG_WARN_COMMA = YES;
				CLANG_WARN_CONSTANT_CONVERSION = YES;
				CLANG_WARN_DEPRECATED_OBJC_IMPLEMENTATIONS = YES;
				CLANG_WARN_DIRECT_OBJC_ISA_USAGE = YES_ERROR;
				CLANG_WARN_DOCUMENTATION_COMMENTS = YES;
				CLANG_WARN_EMPTY_BODY = YES;
				CLANG_WARN_ENUM_CONVERSION = YES;
				CLANG_WARN_INFINITE_RECURSION = YES;
				CLANG_WARN_INT_CONVERSION = YES;
				CLANG_WARN_NON_LITERAL_NULL_CONVERSION = YES;
				CLANG_WARN_OBJC_IMPLICIT_RETAIN_SELF = YES;
				CLANG_WARN_OBJC_LITERAL_CONVERSION = YES;
				CLANG_WARN_OBJC_ROOT_CLASS = YES_ERROR;
				CLANG_WARN_RANGE_LOOP_ANALYSIS = YES;
				CLANG_WARN_STRICT_PROTOTYPES = YES;
				CLANG_WARN_SUSPICIOUS_MOVE = YES;
				CLANG_WARN_UNGUARDED_AVAILABILITY = YES_AGGRESSIVE;
				CLANG_WARN_UNREACHABLE_CODE = YES;
				CLANG_WARN__DUPLICATE_METHOD_MATCH = YES;
				COPY_PHASE_STRIP = NO;
				DEBUG_INFORMATION_FORMAT = dwarf;
				ENABLE_STRICT_OBJC_MSGSEND = YES;
				ENABLE_TESTABILITY = YES;
				GCC_C_LANGUAGE_STANDARD = gnu11;
				GCC_DYNAMIC_NO_PIC = NO;
				GCC_NO_COMMON_BLOCKS = YES;
				GCC_OPTIMIZATION_LEVEL = 0;
				GCC_PREPROCESSOR_DEFINITIONS = (
					"DEBUG=1",
					"$(inherited)",
				);
				GCC_WARN_64_TO_32_BIT_CONVERSION = YES;
				GCC_WARN_ABOUT_RETURN_TYPE = YES_ERROR;
				GCC_WARN_UNDECLARED_SELECTOR = YES;
				GCC_WARN_UNINITIALIZED_AUTOS = YES_AGGRESSIVE;
				GCC_WARN_UNUSED_FUNCTION = YES;
				GCC_WARN_UNUSED_VARIABLE = YES;
				IPHONEOS_DEPLOYMENT_TARGET = 13.6;
				MTL_ENABLE_DEBUG_INFO = INCLUDE_SOURCE;
				MTL_FAST_MATH = YES;
				ONLY_ACTIVE_ARCH = YES;
				SDKROOT = iphoneos;
				SWIFT_ACTIVE_COMPILATION_CONDITIONS = DEBUG;
				SWIFT_OPTIMIZATION_LEVEL = "-Onone";
			};
			name = Debug;
		};
		677E36392512EFF60058287E /* Release */ = {
			isa = XCBuildConfiguration;
			buildSettings = {
				ALWAYS_SEARCH_USER_PATHS = NO;
				CLANG_ANALYZER_NONNULL = YES;
				CLANG_ANALYZER_NUMBER_OBJECT_CONVERSION = YES_AGGRESSIVE;
				CLANG_CXX_LANGUAGE_STANDARD = "gnu++14";
				CLANG_CXX_LIBRARY = "libc++";
				CLANG_ENABLE_MODULES = YES;
				CLANG_ENABLE_OBJC_ARC = YES;
				CLANG_ENABLE_OBJC_WEAK = YES;
				CLANG_WARN_BLOCK_CAPTURE_AUTORELEASING = YES;
				CLANG_WARN_BOOL_CONVERSION = YES;
				CLANG_WARN_COMMA = YES;
				CLANG_WARN_CONSTANT_CONVERSION = YES;
				CLANG_WARN_DEPRECATED_OBJC_IMPLEMENTATIONS = YES;
				CLANG_WARN_DIRECT_OBJC_ISA_USAGE = YES_ERROR;
				CLANG_WARN_DOCUMENTATION_COMMENTS = YES;
				CLANG_WARN_EMPTY_BODY = YES;
				CLANG_WARN_ENUM_CONVERSION = YES;
				CLANG_WARN_INFINITE_RECURSION = YES;
				CLANG_WARN_INT_CONVERSION = YES;
				CLANG_WARN_NON_LITERAL_NULL_CONVERSION = YES;
				CLANG_WARN_OBJC_IMPLICIT_RETAIN_SELF = YES;
				CLANG_WARN_OBJC_LITERAL_CONVERSION = YES;
				CLANG_WARN_OBJC_ROOT_CLASS = YES_ERROR;
				CLANG_WARN_RANGE_LOOP_ANALYSIS = YES;
				CLANG_WARN_STRICT_PROTOTYPES = YES;
				CLANG_WARN_SUSPICIOUS_MOVE = YES;
				CLANG_WARN_UNGUARDED_AVAILABILITY = YES_AGGRESSIVE;
				CLANG_WARN_UNREACHABLE_CODE = YES;
				CLANG_WARN__DUPLICATE_METHOD_MATCH = YES;
				COPY_PHASE_STRIP = NO;
				DEBUG_INFORMATION_FORMAT = "dwarf-with-dsym";
				ENABLE_NS_ASSERTIONS = NO;
				ENABLE_STRICT_OBJC_MSGSEND = YES;
				GCC_C_LANGUAGE_STANDARD = gnu11;
				GCC_NO_COMMON_BLOCKS = YES;
				GCC_WARN_64_TO_32_BIT_CONVERSION = YES;
				GCC_WARN_ABOUT_RETURN_TYPE = YES_ERROR;
				GCC_WARN_UNDECLARED_SELECTOR = YES;
				GCC_WARN_UNINITIALIZED_AUTOS = YES_AGGRESSIVE;
				GCC_WARN_UNUSED_FUNCTION = YES;
				GCC_WARN_UNUSED_VARIABLE = YES;
				IPHONEOS_DEPLOYMENT_TARGET = 13.6;
				MTL_ENABLE_DEBUG_INFO = NO;
				MTL_FAST_MATH = YES;
				SDKROOT = iphoneos;
				SWIFT_COMPILATION_MODE = wholemodule;
				SWIFT_OPTIMIZATION_LEVEL = "-O";
				VALIDATE_PRODUCT = YES;
			};
			name = Release;
		};
		677E363B2512EFF60058287E /* Debug */ = {
			isa = XCBuildConfiguration;
			buildSettings = {
				ASSETCATALOG_COMPILER_APPICON_NAME = AppIcon;
				CODE_SIGN_STYLE = Automatic;
				DEVELOPMENT_TEAM = 8N5QWSND3B;
				INFOPLIST_FILE = KxMemo/Info.plist;
				IPHONEOS_DEPLOYMENT_TARGET = 10.0;
				LD_RUNPATH_SEARCH_PATHS = (
					"$(inherited)",
					"@executable_path/Frameworks",
				);
				PRODUCT_BUNDLE_IDENTIFIER = com.yrjeong.KxMemo;
				PRODUCT_NAME = "$(TARGET_NAME)";
				SWIFT_VERSION = 5.0;
				TARGETED_DEVICE_FAMILY = "1,2";
			};
			name = Debug;
		};
		677E363C2512EFF60058287E /* Release */ = {
			isa = XCBuildConfiguration;
			buildSettings = {
				ASSETCATALOG_COMPILER_APPICON_NAME = AppIcon;
				CODE_SIGN_STYLE = Automatic;
				DEVELOPMENT_TEAM = 8N5QWSND3B;
				INFOPLIST_FILE = KxMemo/Info.plist;
				IPHONEOS_DEPLOYMENT_TARGET = 10.0;
				LD_RUNPATH_SEARCH_PATHS = (
					"$(inherited)",
					"@executable_path/Frameworks",
				);
				PRODUCT_BUNDLE_IDENTIFIER = com.yrjeong.KxMemo;
				PRODUCT_NAME = "$(TARGET_NAME)";
				SWIFT_VERSION = 5.0;
				TARGETED_DEVICE_FAMILY = "1,2";
			};
			name = Release;
		};
/* End XCBuildConfiguration section */

/* Begin XCConfigurationList section */
		677E361E2512EFF50058287E /* Build configuration list for PBXProject "KxMemo" */ = {
			isa = XCConfigurationList;
			buildConfigurations = (
				677E36382512EFF60058287E /* Debug */,
				677E36392512EFF60058287E /* Release */,
			);
			defaultConfigurationIsVisible = 0;
			defaultConfigurationName = Release;
		};
		677E363A2512EFF60058287E /* Build configuration list for PBXNativeTarget "KxMemo" */ = {
			isa = XCConfigurationList;
			buildConfigurations = (
				677E363B2512EFF60058287E /* Debug */,
				677E363C2512EFF60058287E /* Release */,
			);
			defaultConfigurationIsVisible = 0;
			defaultConfigurationName = Release;
		};
/* End XCConfigurationList section */

/* Begin XCVersionGroup section */
		677E362F2512EFF50058287E /* KxMemo.xcdatamodeld */ = {
			isa = XCVersionGroup;
			children = (
				677E36302512EFF50058287E /* KxMemo.xcdatamodel */,
			);
			currentVersion = 677E36302512EFF50058287E /* KxMemo.xcdatamodel */;
			path = KxMemo.xcdatamodeld;
			sourceTree = "<group>";
			versionGroupType = wrapper.xcdatamodel;
		};
/* End XCVersionGroup section */
	};
	rootObject = 677E361B2512EFF50058287E /* Project object */;
}
